
Microsoft Visual Studio Solution File, Format Version 12.00
# Visual Studio Version 17
VisualStudioVersion = 17.5.33530.505
MinimumVisualStudioVersion = 10.0.40219.1
Project("{FAE04EC0-301F-11D3-BF4B-00C04F79EFBC}") = "AaronsBlazorPractice", "AaronsBlazorPractice\AaronsBlazorPractice.csproj", "{C03AA094-A434-4E7A-B55C-83433D5FA516}"
EndProject
Global
	GlobalSection(SolutionConfigurationPlatforms) = preSolution
		Debug|Any CPU = Debug|Any CPU
		Release|Any CPU = Release|Any CPU
	EndGlobalSection
	GlobalSection(ProjectConfigurationPlatforms) = postSolution
		{C03AA094-A434-4E7A-B55C-83433D5FA516}.Debug|Any CPU.ActiveCfg = Debug|Any CPU
		{C03AA094-A434-4E7A-B55C-83433D5FA516}.Debug|Any CPU.Build.0 = Debug|Any CPU
		{C03AA094-A434-4E7A-B55C-83433D5FA516}.Release|Any CPU.ActiveCfg = Release|Any CPU
		{C03AA094-A434-4E7A-B55C-83433D5FA516}.Release|Any CPU.Build.0 = Release|Any CPU
	EndGlobalSection
	GlobalSection(SolutionProperties) = preSolution
		HideSolutionNode = FALSE
	EndGlobalSection
	GlobalSection(ExtensibilityGlobals) = postSolution
		SolutionGuid = {987D3CF7-5C34-4017-87CC-3547588524E1}
	EndGlobalSection
EndGlobal
